<?xml version="1.0" encoding="utf-8"?>
<Project ToolsVersion="4.0" xmlns="http://schemas.microsoft.com/developer/msbuild/2003">
  <ItemGroup>
    <Filter Include="res">
      <UniqueIdentifier>{67DA6AB6-F800-4c08-8B7A-83BB121AAD01}</UniqueIdentifier>
      <Extensions>
      </Extensions>
    </Filter>
    <Filter Include="src">
      <UniqueIdentifier>{4FC737F1-C7A5-4376-A066-2A32D752A2FF}</UniqueIdentifier>
      <Extensions>
      </Extensions>
    </Filter>
    <Filter Include="src\x86">
      <UniqueIdentifier>{19d2f652-f9c8-4dcb-a007-3b296fad45a8}</UniqueIdentifier>
    </Filter>
    <Filter Include="src\vmx">
      <UniqueIdentifier>{917f6960-5ed7-41f6-93eb-ff4f5096d971}</UniqueIdentifier>
    </Filter>
    <Filter Include="src\vmm">
      <UniqueIdentifier>{afa8526e-7be5-4700-9882-194d2e618b6d}</UniqueIdentifier>
    </Filter>
    <Filter Include="src\rtl">
      <UniqueIdentifier>{51dc9ca0-05dc-4592-b4f8-1db9be943ccd}</UniqueIdentifier>
    </Filter>
    <Filter Include="src\vmm\32">
      <UniqueIdentifier>{5e033759-26a5-4f03-aaee-bba80e4521af}</UniqueIdentifier>
    </Filter>
    <Filter Include="src\vmm\64">
      <UniqueIdentifier>{9f66bee0-67c8-454a-a604-fb099361f525}</UniqueIdentifier>
    </Filter>
    <Filter Include="src\vmx\32">
      <UniqueIdentifier>{374f2599-772a-4e56-87d8-9c7b0e133557}</UniqueIdentifier>
    </Filter>
    <Filter Include="src\vmx\64">
      <UniqueIdentifier>{3dd50093-b2e6-4de1-a720-295f8f8dedf2}</UniqueIdentifier>
    </Filter>
    <Filter Include="src\x86\32">
      <UniqueIdentifier>{92647b7c-9f89-4a76-8a77-769c2f42014a}</UniqueIdentifier>
    </Filter>
    <Filter Include="src\x86\64">
      <UniqueIdentifier>{daffedfc-ea29-4f70-b85d-0aca850b758c}</UniqueIdentifier>
    </Filter>
    <Filter Include="inc">
      <UniqueIdentifier>{e8d5a729-84cc-4177-99f3-05b47f9d2a5e}</UniqueIdentifier>
    </Filter>
  </ItemGroup>
  <ItemGroup>
    <ClCompile Include="..\src\driver.c">
      <Filter>src</Filter>
    </ClCompile>
    <ClCompile Include="..\src\context.c">
      <Filter>src</Filter>
    </ClCompile>
    <ClCompile Include="..\src\exits.c">
      <Filter>src</Filter>
    </ClCompile>
    <ClCompile Include="..\src\x86.c">
      <Filter>src\x86</Filter>
    </ClCompile>
    <ClCompile Include="..\src\vmx.c">
      <Filter>src\vmx</Filter>
    </ClCompile>
    <ClCompile Include="..\src\hvm_config.c">
      <Filter>src\vmm</Filter>
    </ClCompile>
    <ClCompile Include="..\src\hvm_create.c">
      <Filter>src\vmm</Filter>
    </ClCompile>
    <ClCompile Include="..\src\hvm_root.c">
      <Filter>src\vmm</Filter>
    </ClCompile>
    <ClCompile Include="..\src\mem.c">
      <Filter>src\rtl</Filter>
    </ClCompile>
    <ClCompile Include="..\src\mmu.c">
      <Filter>src\rtl</Filter>
    </ClCompile>
    <ClCompile Include="..\src\smp.c">
      <Filter>src\rtl</Filter>
    </ClCompile>
    <ClCompile Include="..\src\sync.c">
      <Filter>src\rtl</Filter>
    </ClCompile>
    <ClCompile Include="..\src\hvm_exits.c">
      <Filter>src\vmm</Filter>
    </ClCompile>
    <ClCompile Include="..\src\hvm_launch.c">
      <Filter>src\vmm</Filter>
    </ClCompile>
    <ClCompile Include="..\src\instr.c">
      <Filter>src\vmm</Filter>
    </ClCompile>
    <ClCompile Include="..\src\vmcs.c">
      <Filter>src\vmm</Filter>
    </ClCompile>
    <ClCompile Include="..\src\shield.c">
      <Filter>src</Filter>
    </ClCompile>
    <ClCompile Include="..\src\tsc.c">
      <Filter>src</Filter>
    </ClCompile>
    <ClCompile Include="..\src\tests.c">
      <Filter>src</Filter>
    </ClCompile>
    <ClCompile Include="..\src\ringbuf.c">
      <Filter>src\rtl</Filter>
    </ClCompile>
    <ClCompile Include="..\src\mailbox.c">
      <Filter>src</Filter>
    </ClCompile>
    <ClCompile Include="..\src\channel.c">
      <Filter>src</Filter>
    </ClCompile>
    <ClCompile Include="..\src\ioctl.c">
      <Filter>src</Filter>
    </ClCompile>
    <ClCompile Include="..\src\policy.c">
      <Filter>src</Filter>
    </ClCompile>
    <ClCompile Include="..\src\os.c">
      <Filter>src\rtl</Filter>
    </ClCompile>
    <ClCompile Include="..\src\power.c">
      <Filter>src</Filter>
    </ClCompile>
    <ClCompile Include="..\src\vmcsinit.c">
      <Filter>src</Filter>
    </ClCompile>
    <ClCompile Include="..\src\dshvm.c">
      <Filter>src</Filter>
    </ClCompile>
  </ItemGroup>
  <ItemGroup>
    <ClInclude Include="..\src\x86.h">
      <Filter>src\x86</Filter>
    </ClInclude>
    <ClInclude Include="..\src\vmx.h">
      <Filter>src\vmx</Filter>
    </ClInclude>
    <ClInclude Include="..\src\hvm.h">
      <Filter>src\vmm</Filter>
    </ClInclude>
    <ClInclude Include="..\src\mem.h">
      <Filter>src\rtl</Filter>
    </ClInclude>
    <ClInclude Include="..\src\mmu.h">
      <Filter>src\rtl</Filter>
    </ClInclude>
    <ClInclude Include="..\src\smp.h">
      <Filter>src\rtl</Filter>
    </ClInclude>
    <ClInclude Include="..\src\sync.h">
      <Filter>src\rtl</Filter>
    </ClInclude>
    <ClInclude Include="..\src\instr.h">
      <Filter>src\vmm</Filter>
    </ClInclude>
    <ClInclude Include="..\src\vmcs.h">
      <Filter>src\vmm</Filter>
    </ClInclude>
    <ClInclude Include="..\inc\ioctl.h">
      <Filter>inc</Filter>
    </ClInclude>
    <ClInclude Include="..\src\wdk7.h">
      <Filter>inc</Filter>
    </ClInclude>
    <ClInclude Include="..\src\dsdef.h">
      <Filter>inc</Filter>
    </ClInclude>
    <ClInclude Include="..\src\exits.h">
      <Filter>inc</Filter>
    </ClInclude>
    <ClInclude Include="..\src\context.h">
      <Filter>inc</Filter>
    </ClInclude>
    <ClInclude Include="..\src\shield.h">
      <Filter>inc</Filter>
    </ClInclude>
    <ClInclude Include="..\src\tsc.h">
      <Filter>inc</Filter>
    </ClInclude>
    <ClInclude Include="..\src\tests.h">
      <Filter>inc</Filter>
    </ClInclude>
    <ClInclude Include="..\src\ringbuf.h">
      <Filter>src\rtl</Filter>
    </ClInclude>
    <ClInclude Include="..\src\wpp.h">
      <Filter>inc</Filter>
    </ClInclude>
    <ClInclude Include="..\src\mailbox.h">
      <Filter>inc</Filter>
    </ClInclude>
    <ClInclude Include="..\src\channel.h">
      <Filter>inc</Filter>
    </ClInclude>
    <ClInclude Include="..\src\policy.h">
      <Filter>inc</Filter>
    </ClInclude>
    <ClInclude Include="..\src\os.h">
      <Filter>inc</Filter>
    </ClInclude>
    <ClInclude Include="..\src\power.h">
      <Filter>inc</Filter>
    </ClInclude>
    <ClInclude Include="..\src\vmcsinit.h">
      <Filter>src\vmm</Filter>
    </ClInclude>
    <ClInclude Include="..\src\dshvm.h">
      <Filter>inc</Filter>
    </ClInclude>
  </ItemGroup>
  <ItemGroup>
    <ResourceCompile Include="..\src\deepshield.rc">
      <Filter>res</Filter>
    </ResourceCompile>
  </ItemGroup>
  <ItemGroup>
    <MASM Include="..\src\i386\hvm_a.asm">
      <Filter>src\vmm\32</Filter>
    </MASM>
    <MASM Include="..\src\amd64\hvm_a.asm">
      <Filter>src\vmm\64</Filter>
    </MASM>
    <MASM Include="..\src\i386\vmx_a.asm">
      <Filter>src\vmx\32</Filter>
    </MASM>
    <MASM Include="..\src\amd64\vmx_a.asm">
      <Filter>src\vmx\64</Filter>
    </MASM>
    <MASM Include="..\src\i386\x86_a.asm">
      <Filter>src\x86\32</Filter>
    </MASM>
    <MASM Include="..\src\amd64\x86_a.asm">
      <Filter>src\x86\64</Filter>
    </MASM>
  </ItemGroup>
  <ItemGroup>
    <Inf Include="..\src\dpshield.inf">
      <Filter>res</Filter>
    </Inf>
  </ItemGroup>
</Project>